
Microsoft Visual Studio Solution File, Format Version 12.00
# Visual Studio 15
VisualStudioVersion = 15.0.27130.2027
MinimumVisualStudioVersion = 10.0.40219.1
Project("{9A19103F-16F7-4668-BE54-9A1E7A4F7556}") = "ReactReduxApp", "ReactReduxApp\ReactReduxApp.csproj", "{F6CBDF99-C3AF-403A-ABE3-C6A59CDD3BE5}"
EndProject
Project("{FAE04EC0-301F-11D3-BF4B-00C04F79EFBC}") = "HotelBooking.Services", "HotelBooking.Services\HotelBooking.Services.csproj", "{17E2424F-AE33-47B5-AE78-F77BDB62E7AE}"
EndProject
Global
	GlobalSection(SolutionConfigurationPlatforms) = preSolution
		Debug|Any CPU = Debug|Any CPU
		Release|Any CPU = Release|Any CPU
	EndGlobalSection
	GlobalSection(ProjectConfigurationPlatforms) = postSolution
		{F6CBDF99-C3AF-403A-ABE3-C6A59CDD3BE5}.Debug|Any CPU.ActiveCfg = Debug|Any CPU
		{F6CBDF99-C3AF-403A-ABE3-C6A59CDD3BE5}.Debug|Any CPU.Build.0 = Debug|Any CPU
		{F6CBDF99-C3AF-403A-ABE3-C6A59CDD3BE5}.Release|Any CPU.ActiveCfg = Release|Any CPU
		{F6CBDF99-C3AF-403A-ABE3-C6A59CDD3BE5}.Release|Any CPU.Build.0 = Release|Any CPU
		{17E2424F-AE33-47B5-AE78-F77BDB62E7AE}.Debug|Any CPU.ActiveCfg = Debug|Any CPU
		{17E2424F-AE33-47B5-AE78-F77BDB62E7AE}.Debug|Any CPU.Build.0 = Debug|Any CPU
		{17E2424F-AE33-47B5-AE78-F77BDB62E7AE}.Release|Any CPU.ActiveCfg = Release|Any CPU
		{17E2424F-AE33-47B5-AE78-F77BDB62E7AE}.Release|Any CPU.Build.0 = Release|Any CPU
	EndGlobalSection
	GlobalSection(SolutionProperties) = preSolution
		HideSolutionNode = FALSE
	EndGlobalSection
	GlobalSection(ExtensibilityGlobals) = postSolution
		SolutionGuid = {E7EC2AFA-1F27-4D71-8C22-1BBBE38C698B}
	EndGlobalSection
EndGlobal
